
Microsoft Visual Studio Solution File, Format Version 12.00
# Visual Studio 15
VisualStudioVersion = 15.0.27428.2037
MinimumVisualStudioVersion = 10.0.40219.1
Project("{9A19103F-16F7-4668-BE54-9A1E7A4F7556}") = "CarShop", "CarShop\CarShop.csproj", "{510D1774-BA40-406D-B779-93F871A37BE6}"
EndProject
Project("{9A19103F-16F7-4668-BE54-9A1E7A4F7556}") = "CarShop.Model", "CarShop.Model\CarShop.Model.csproj", "{63329F12-8CAE-4EC9-946E-90CC1B671303}"
EndProject
Project("{9A19103F-16F7-4668-BE54-9A1E7A4F7556}") = "CarShop.Services", "CarShop.Services\CarShop.Services.csproj", "{1DE00524-6C2B-4FCA-89AA-4BF24C823201}"
EndProject
Global
	GlobalSection(SolutionConfigurationPlatforms) = preSolution
		Debug|Any CPU = Debug|Any CPU
		Release|Any CPU = Release|Any CPU
	EndGlobalSection
	GlobalSection(ProjectConfigurationPlatforms) = postSolution
		{510D1774-BA40-406D-B779-93F871A37BE6}.Debug|Any CPU.ActiveCfg = Debug|Any CPU
		{510D1774-BA40-406D-B779-93F871A37BE6}.Debug|Any CPU.Build.0 = Debug|Any CPU
		{510D1774-BA40-406D-B779-93F871A37BE6}.Release|Any CPU.ActiveCfg = Release|Any CPU
		{510D1774-BA40-406D-B779-93F871A37BE6}.Release|Any CPU.Build.0 = Release|Any CPU
		{63329F12-8CAE-4EC9-946E-90CC1B671303}.Debug|Any CPU.ActiveCfg = Debug|Any CPU
		{63329F12-8CAE-4EC9-946E-90CC1B671303}.Debug|Any CPU.Build.0 = Debug|Any CPU
		{63329F12-8CAE-4EC9-946E-90CC1B671303}.Release|Any CPU.ActiveCfg = Release|Any CPU
		{63329F12-8CAE-4EC9-946E-90CC1B671303}.Release|Any CPU.Build.0 = Release|Any CPU
		{1DE00524-6C2B-4FCA-89AA-4BF24C823201}.Debug|Any CPU.ActiveCfg = Debug|Any CPU
		{1DE00524-6C2B-4FCA-89AA-4BF24C823201}.Debug|Any CPU.Build.0 = Debug|Any CPU
		{1DE00524-6C2B-4FCA-89AA-4BF24C823201}.Release|Any CPU.ActiveCfg = Release|Any CPU
		{1DE00524-6C2B-4FCA-89AA-4BF24C823201}.Release|Any CPU.Build.0 = Release|Any CPU
	EndGlobalSection
	GlobalSection(SolutionProperties) = preSolution
		HideSolutionNode = FALSE
	EndGlobalSection
	GlobalSection(ExtensibilityGlobals) = postSolution
		SolutionGuid = {5E4416D6-589B-4C3D-A0D3-40141D651A32}
	EndGlobalSection
EndGlobal
